
Microsoft Visual Studio Solution File, Format Version 12.00
# Visual Studio Version 17
VisualStudioVersion = 17.1.32328.378
MinimumVisualStudioVersion = 10.0.40219.1
Project("{FAE04EC0-301F-11D3-BF4B-00C04F79EFBC}") = "Authentication_Authorization", "Authentication_Authorization\Authentication_Authorization.csproj", "{B078158B-D881-41D1-812A-1A63184CF588}"
EndProject
Global
	GlobalSection(SolutionConfigurationPlatforms) = preSolution
		Debug|Any CPU = Debug|Any CPU
		Release|Any CPU = Release|Any CPU
	EndGlobalSection
	GlobalSection(ProjectConfigurationPlatforms) = postSolution
		{B078158B-D881-41D1-812A-1A63184CF588}.Debug|Any CPU.ActiveCfg = Debug|Any CPU
		{B078158B-D881-41D1-812A-1A63184CF588}.Debug|Any CPU.Build.0 = Debug|Any CPU
		{B078158B-D881-41D1-812A-1A63184CF588}.Release|Any CPU.ActiveCfg = Release|Any CPU
		{B078158B-D881-41D1-812A-1A63184CF588}.Release|Any CPU.Build.0 = Release|Any CPU
	EndGlobalSection
	GlobalSection(SolutionProperties) = preSolution
		HideSolutionNode = FALSE
	EndGlobalSection
	GlobalSection(ExtensibilityGlobals) = postSolution
		SolutionGuid = {70AF5DD6-F9D0-4D73-9130-945332045D98}
	EndGlobalSection
EndGlobal
